<?xml version="1.0" encoding="utf-8"?>
<Project ToolsVersion="4.0" xmlns="http://schemas.microsoft.com/developer/msbuild/2003">
  <ItemGroup>
    <Filter Include="Main">
      <UniqueIdentifier>{e8dccf15-3bdd-4854-8dd2-f0ba5d770abc}</UniqueIdentifier>
    </Filter>
    <Filter Include="Utils">
      <UniqueIdentifier>{37e6aaa6-0769-426b-aa67-d42e60cd791c}</UniqueIdentifier>
    </Filter>
    <Filter Include="Utils\LockFree%28Study%29">
      <UniqueIdentifier>{7c40e5d5-fc42-491b-a125-bfe733704cc1}</UniqueIdentifier>
    </Filter>
    <Filter Include="Protocol">
      <UniqueIdentifier>{b2b012fc-f2f5-419f-bdb8-008e0a303be6}</UniqueIdentifier>
    </Filter>
    <Filter Include="GameContents">
      <UniqueIdentifier>{bcd2e181-e52a-4d30-96ed-24f4b1e67349}</UniqueIdentifier>
    </Filter>
  </ItemGroup>
  <ItemGroup>
    <ClCompile Include="GameServer.cpp">
      <Filter>Main</Filter>
    </ClCompile>
    <ClCompile Include="pch.cpp">
      <Filter>Utils</Filter>
    </ClCompile>
    <ClCompile Include="ConcurrentQueue.cpp">
      <Filter>Utils\LockFree%28Study%29</Filter>
    </ClCompile>
    <ClCompile Include="ConcurrentStack.cpp">
      <Filter>Utils\LockFree%28Study%29</Filter>
    </ClCompile>
    <ClCompile Include="GameSession.cpp">
      <Filter>Main</Filter>
    </ClCompile>
    <ClCompile Include="GameSessionManager.cpp">
      <Filter>Main</Filter>
    </ClCompile>
    <ClCompile Include="Protocol.pb.cc">
      <Filter>Protocol</Filter>
    </ClCompile>
    <ClCompile Include="Enum.pb.cc">
      <Filter>Protocol</Filter>
    </ClCompile>
    <ClCompile Include="Struct.pb.cc">
      <Filter>Protocol</Filter>
    </ClCompile>
    <ClCompile Include="ClientPacketHandler.cpp">
      <Filter>Main</Filter>
    </ClCompile>
    <ClCompile Include="Player.cpp">
      <Filter>GameContents</Filter>
    </ClCompile>
    <ClCompile Include="Room.cpp">
      <Filter>GameContents</Filter>
    </ClCompile>
  </ItemGroup>
  <ItemGroup>
    <ClInclude Include="pch.h">
      <Filter>Utils</Filter>
    </ClInclude>
    <ClInclude Include="ConcurrentQueue.h">
      <Filter>Utils\LockFree%28Study%29</Filter>
    </ClInclude>
    <ClInclude Include="ConcurrentStack.h">
      <Filter>Utils\LockFree%28Study%29</Filter>
    </ClInclude>
    <ClInclude Include="GameSession.h">
      <Filter>Main</Filter>
    </ClInclude>
    <ClInclude Include="GameSessionManager.h">
      <Filter>Main</Filter>
    </ClInclude>
    <ClInclude Include="Protocol.pb.h">
      <Filter>Protocol</Filter>
    </ClInclude>
    <ClInclude Include="Enum.pb.h">
      <Filter>Protocol</Filter>
    </ClInclude>
    <ClInclude Include="Struct.pb.h">
      <Filter>Protocol</Filter>
    </ClInclude>
    <ClInclude Include="ClientPacketHandler.h">
      <Filter>Main</Filter>
    </ClInclude>
    <ClInclude Include="Player.h">
      <Filter>GameContents</Filter>
    </ClInclude>
    <ClInclude Include="Room.h">
      <Filter>GameContents</Filter>
    </ClInclude>
  </ItemGroup>
  <ItemGroup>
    <None Include="..\Common\Protobuf\bin\Enum.proto">
      <Filter>Protocol</Filter>
    </None>
    <None Include="..\Common\Protobuf\bin\Protocol.proto">
      <Filter>Protocol</Filter>
    </None>
    <None Include="..\Common\Protobuf\bin\Struct.proto">
      <Filter>Protocol</Filter>
    </None>
  </ItemGroup>
</Project>